
Microsoft Visual Studio Solution File, Format Version 12.00
# Visual Studio Version 17
VisualStudioVersion = 17.0.32014.148
MinimumVisualStudioVersion = 10.0.40219.1
Project("{9A19103F-16F7-4668-BE54-9A1E7A4F7556}") = "BlazorGame", "BlazorGame.csproj", "{36E504FA-3507-4DD4-84A1-72FA5CD7586C}"
EndProject
Global
	GlobalSection(SolutionConfigurationPlatforms) = preSolution
		Debug|Any CPU = Debug|Any CPU
		Release|Any CPU = Release|Any CPU
	EndGlobalSection
	GlobalSection(ProjectConfigurationPlatforms) = postSolution
		{36E504FA-3507-4DD4-84A1-72FA5CD7586C}.Debug|Any CPU.ActiveCfg = Debug|Any CPU
		{36E504FA-3507-4DD4-84A1-72FA5CD7586C}.Debug|Any CPU.Build.0 = Debug|Any CPU
		{36E504FA-3507-4DD4-84A1-72FA5CD7586C}.Release|Any CPU.ActiveCfg = Release|Any CPU
		{36E504FA-3507-4DD4-84A1-72FA5CD7586C}.Release|Any CPU.Build.0 = Release|Any CPU
	EndGlobalSection
	GlobalSection(SolutionProperties) = preSolution
		HideSolutionNode = FALSE
	EndGlobalSection
	GlobalSection(ExtensibilityGlobals) = postSolution
		SolutionGuid = {984E53ED-E58E-4981-9B23-CE9C467C5FB4}
	EndGlobalSection
EndGlobal
